{
  "name": "ivtool",
  "version": "0.0.1",
  "lockfileVersion": 1,
  "requires": true,
  "dependencies": {
    "@angular/cdk": {
      "version": "10.2.0",
      "resolved": "https://registry.npmjs.org/@angular/cdk/-/cdk-10.2.0.tgz",
      "integrity": "sha512-KYEBOuGimnWtYS8KvLz/dPWC2pzDzKh1ETkvyJCSm5yXZgNPdj1XatbGQrnQgy9vJwxjbZQ1s8P9tzWx1Dj7dg==",
      "requires": {
        "parse5": "^5.0.0",
        "tslib": "^2.0.0"
      },
      "dependencies": {
        "tslib": {
          "version": "2.0.1",
          "resolved": "https://registry.npmjs.org/tslib/-/tslib-2.0.1.tgz",
          "integrity": "sha512-SgIkNheinmEBgx1IUNirK0TUD4X9yjjBRTqqjggWCU3pUEqIk3/Uwl3yRixYKT6WjQuGiwDv4NomL3wqRCj+CQ=="
        }
      }
    },
    "bootstrap": {
      "version": "4.5.2",
      "resolved": "https://registry.npmjs.org/bootstrap/-/bootstrap-4.5.2.tgz",
      "integrity": "sha512-vlGn0bcySYl/iV+BGA544JkkZP5LB3jsmkeKLFQakCOwCM3AOk7VkldBz4jrzSe+Z0Ezn99NVXa1o45cQY4R6A=="
    },
    "loadash": {
      "version": "1.0.0",
      "resolved": "https://registry.npmjs.org/loadash/-/loadash-1.0.0.tgz",
      "integrity": "sha512-xlX5HBsXB3KG0FJbJJG/3kYWCfsCyCSus3T+uHVu6QL6YxAdggmm3QeyLgn54N2yi5/UE6xxL5ZWJAAiHzHYEg=="
    },
    "parse5": {
      "version": "5.1.1",
      "resolved": "https://registry.npmjs.org/parse5/-/parse5-5.1.1.tgz",
      "integrity": "sha512-ugq4DFI0Ptb+WWjAdOK16+u/nHfiIrcE+sh8kZMaM0WllQKLI9rOUq6c2b7cwPkXdzfQESqvoqK6ug7U/Yyzug==",
      "optional": true
    },
    "primeicons": {
      "version": "4.0.0",
      "resolved": "https://registry.npmjs.org/primeicons/-/primeicons-4.0.0.tgz",
      "integrity": "sha512-JQBIswGSItn8I0Pq21RchENpKJxSi1MjfBDfggMQpXtoKNKblJoHmol/7tCV3CAV2Dlb94ht8TD8qdIAW01pGg=="
    },
    "primeng": {
      "version": "9.1.3",
      "resolved": "https://registry.npmjs.org/primeng/-/primeng-9.1.3.tgz",
      "integrity": "sha512-5+XGWrLNYToMIXR/r+sMcGAgz/rSYjo6Ms8rygV5uuLmHNB+mXpaRxMCajKSnmVFLZPeyATtVRm9RcA4Y/VizQ=="
    },
    "sweetalert2": {
      "version": "10.0.2",
      "resolved": "https://registry.npmjs.org/sweetalert2/-/sweetalert2-10.0.2.tgz",
      "integrity": "sha512-norIgpVW16EAD+wgAnw86PTQn4WgBTXwSJUOUrWP0cd+gVjQKxYXyMNJWAcb1bBAMr9dL2dyS4LztbyErRZ/BA=="
    },
    "tslib": {
      "version": "1.13.0",
      "resolved": "https://registry.npmjs.org/tslib/-/tslib-1.13.0.tgz",
      "integrity": "sha512-i/6DQjL8Xf3be4K/E6Wgpekn5Qasl1usyw++dAA35Ue5orEn65VIxOA+YvNNl9HV3qv70T7CNwjODHZrLwvd1Q=="
    }
  }
}
